
Microsoft Visual Studio Solution File, Format Version 12.00
Project("{FAE04EC0-301F-11D3-BF4B-00C04F79EFBC}") = "PartialUpdater.Core", "PartialUpdater.Core\PartialUpdater.Core.csproj", "{B486F3E0-0BED-4252-AD68-4220C1C4DE4B}"
EndProject
Project("{FAE04EC0-301F-11D3-BF4B-00C04F79EFBC}") = "PartialUpdater.HotChocolate", "PartialUpdater.HotChocolate\PartialUpdater.HotChocolate.csproj", "{2A1B1F95-D1EA-4E91-8C8A-1FFDFF5536C4}"
EndProject
Project("{FAE04EC0-301F-11D3-BF4B-00C04F79EFBC}") = "PartialUpdater.Example", "PartialUpdater.Example\PartialUpdater.Example.csproj", "{F28AAC98-E578-44AD-B081-9A0E250A0605}"
EndProject
Global
	GlobalSection(SolutionConfigurationPlatforms) = preSolution
		Debug|Any CPU = Debug|Any CPU
		Release|Any CPU = Release|Any CPU
	EndGlobalSection
	GlobalSection(ProjectConfigurationPlatforms) = postSolution
		{B486F3E0-0BED-4252-AD68-4220C1C4DE4B}.Debug|Any CPU.ActiveCfg = Debug|Any CPU
		{B486F3E0-0BED-4252-AD68-4220C1C4DE4B}.Debug|Any CPU.Build.0 = Debug|Any CPU
		{B486F3E0-0BED-4252-AD68-4220C1C4DE4B}.Release|Any CPU.ActiveCfg = Release|Any CPU
		{B486F3E0-0BED-4252-AD68-4220C1C4DE4B}.Release|Any CPU.Build.0 = Release|Any CPU
		{2A1B1F95-D1EA-4E91-8C8A-1FFDFF5536C4}.Debug|Any CPU.ActiveCfg = Debug|Any CPU
		{2A1B1F95-D1EA-4E91-8C8A-1FFDFF5536C4}.Debug|Any CPU.Build.0 = Debug|Any CPU
		{2A1B1F95-D1EA-4E91-8C8A-1FFDFF5536C4}.Release|Any CPU.ActiveCfg = Release|Any CPU
		{2A1B1F95-D1EA-4E91-8C8A-1FFDFF5536C4}.Release|Any CPU.Build.0 = Release|Any CPU
		{F28AAC98-E578-44AD-B081-9A0E250A0605}.Debug|Any CPU.ActiveCfg = Debug|Any CPU
		{F28AAC98-E578-44AD-B081-9A0E250A0605}.Debug|Any CPU.Build.0 = Debug|Any CPU
		{F28AAC98-E578-44AD-B081-9A0E250A0605}.Release|Any CPU.ActiveCfg = Release|Any CPU
		{F28AAC98-E578-44AD-B081-9A0E250A0605}.Release|Any CPU.Build.0 = Release|Any CPU
	EndGlobalSection
EndGlobal
